
Microsoft Visual Studio Solution File, Format Version 12.00
# Visual Studio Version 18
VisualStudioVersion = 18.9.12112.369
MinimumVisualStudioVersion = 10.0.40219.1
Project("{9A19103F-16F7-4668-BE54-9A1E7A4F7556}") = "OnlineVoting.Api", "OnlineVoting.Api\OnlineVoting.Api.csproj", "{AD603F8B-7D92-44C6-A60A-5A88047398CE}"
EndProject
Project("{9A19103F-16F7-4668-BE54-9A1E7A4F7556}") = "OnlineVoting.Models", "OnlineVoting.Models\OnlineVoting.Models.csproj", "{41E4FACE-D9D5-4ABA-B173-F92FD55B19DE}"
EndProject
Project("{9A19103F-16F7-4668-BE54-9A1E7A4F7556}") = "OnlineVoting.Services", "OnlineVoting.Services\OnlineVoting.Services.csproj", "{BB73F49D-BEEA-416A-B994-3828E7BF43BB}"
EndProject
Project("{9A19103F-16F7-4668-BE54-9A1E7A4F7556}") = "VotingSystem.Logger", "VotingSystem.Logger\VotingSystem.Logger.csproj", "{A2985313-E011-4B63-A7C7-BA96AC9CD5FC}"
EndProject
Project("{9A19103F-16F7-4668-BE54-9A1E7A4F7556}") = "VotingSystem.Data", "VotingSystem.Data\VotingSystem.Data.csproj", "{AF59832A-8238-4A9E-9486-88FF346A3ED9}"
EndProject
Project("{E53339B2-1760-4266-BCC7-CA923CBCF16C}") = "docker-compose", "docker-compose.dcproj", "{D7E3D6B4-5A3B-4A27-92D2-6F92F1F1B001}"
EndProject
Project("{FAE04EC0-301F-11D3-BF4B-00C04F79EFBC}") = "OnlineVoting.Tests", "OnlineVoting.Tests\OnlineVoting.Tests.csproj", "{DE547B08-9E95-4552-A7D3-68A18FCE068D}"
EndProject
Project("{FAE04EC0-301F-11D3-BF4B-00C04F79EFBC}") = "OnlineVoting.Caching", "OnlineVoting.Caching\OnlineVoting.Caching.csproj", "{C1CD369B-DC4D-483F-91EA-2B1B559DEF28}"
EndProject
Global
	GlobalSection(SolutionConfigurationPlatforms) = preSolution
		Debug|Any CPU = Debug|Any CPU
		Debug|x64 = Debug|x64
		Debug|x86 = Debug|x86
		Release|Any CPU = Release|Any CPU
		Release|x64 = Release|x64
		Release|x86 = Release|x86
	EndGlobalSection
	GlobalSection(ProjectConfigurationPlatforms) = postSolution
		{AD603F8B-7D92-44C6-A60A-5A88047398CE}.Debug|Any CPU.ActiveCfg = Debug|Any CPU
		{AD603F8B-7D92-44C6-A60A-5A88047398CE}.Debug|Any CPU.Build.0 = Debug|Any CPU
		{AD603F8B-7D92-44C6-A60A-5A88047398CE}.Debug|x64.ActiveCfg = Debug|Any CPU
		{AD603F8B-7D92-44C6-A60A-5A88047398CE}.Debug|x64.Build.0 = Debug|Any CPU
		{AD603F8B-7D92-44C6-A60A-5A88047398CE}.Debug|x86.ActiveCfg = Debug|Any CPU
		{AD603F8B-7D92-44C6-A60A-5A88047398CE}.Debug|x86.Build.0 = Debug|Any CPU
		{AD603F8B-7D92-44C6-A60A-5A88047398CE}.Release|Any CPU.ActiveCfg = Release|Any CPU
		{AD603F8B-7D92-44C6-A60A-5A88047398CE}.Release|Any CPU.Build.0 = Release|Any CPU
		{AD603F8B-7D92-44C6-A60A-5A88047398CE}.Release|x64.ActiveCfg = Release|Any CPU
		{AD603F8B-7D92-44C6-A60A-5A88047398CE}.Release|x64.Build.0 = Release|Any CPU
		{AD603F8B-7D92-44C6-A60A-5A88047398CE}.Release|x86.ActiveCfg = Release|Any CPU
		{AD603F8B-7D92-44C6-A60A-5A88047398CE}.Release|x86.Build.0 = Release|Any CPU
		{41E4FACE-D9D5-4ABA-B173-F92FD55B19DE}.Debug|Any CPU.ActiveCfg = Debug|Any CPU
		{41E4FACE-D9D5-4ABA-B173-F92FD55B19DE}.Debug|Any CPU.Build.0 = Debug|Any CPU
		{41E4FACE-D9D5-4ABA-B173-F92FD55B19DE}.Debug|x64.ActiveCfg = Debug|Any CPU
		{41E4FACE-D9D5-4ABA-B173-F92FD55B19DE}.Debug|x64.Build.0 = Debug|Any CPU
		{41E4FACE-D9D5-4ABA-B173-F92FD55B19DE}.Debug|x86.ActiveCfg = Debug|Any CPU
		{41E4FACE-D9D5-4ABA-B173-F92FD55B19DE}.Debug|x86.Build.0 = Debug|Any CPU
		{41E4FACE-D9D5-4ABA-B173-F92FD55B19DE}.Release|Any CPU.ActiveCfg = Release|Any CPU
		{41E4FACE-D9D5-4ABA-B173-F92FD55B19DE}.Release|Any CPU.Build.0 = Release|Any CPU
		{41E4FACE-D9D5-4ABA-B173-F92FD55B19DE}.Release|x64.ActiveCfg = Release|Any CPU
		{41E4FACE-D9D5-4ABA-B173-F92FD55B19DE}.Release|x64.Build.0 = Release|Any CPU
		{41E4FACE-D9D5-4ABA-B173-F92FD55B19DE}.Release|x86.ActiveCfg = Release|Any CPU
		{41E4FACE-D9D5-4ABA-B173-F92FD55B19DE}.Release|x86.Build.0 = Release|Any CPU
		{BB73F49D-BEEA-416A-B994-3828E7BF43BB}.Debug|Any CPU.ActiveCfg = Debug|Any CPU
		{BB73F49D-BEEA-416A-B994-3828E7BF43BB}.Debug|Any CPU.Build.0 = Debug|Any CPU
		{BB73F49D-BEEA-416A-B994-3828E7BF43BB}.Debug|x64.ActiveCfg = Debug|Any CPU
		{BB73F49D-BEEA-416A-B994-3828E7BF43BB}.Debug|x64.Build.0 = Debug|Any CPU
		{BB73F49D-BEEA-416A-B994-3828E7BF43BB}.Debug|x86.ActiveCfg = Debug|Any CPU
		{BB73F49D-BEEA-416A-B994-3828E7BF43BB}.Debug|x86.Build.0 = Debug|Any CPU
		{BB73F49D-BEEA-416A-B994-3828E7BF43BB}.Release|Any CPU.ActiveCfg = Release|Any CPU
		{BB73F49D-BEEA-416A-B994-3828E7BF43BB}.Release|Any CPU.Build.0 = Release|Any CPU
		{BB73F49D-BEEA-416A-B994-3828E7BF43BB}.Release|x64.ActiveCfg = Release|Any CPU
		{BB73F49D-BEEA-416A-B994-3828E7BF43BB}.Release|x64.Build.0 = Release|Any CPU
		{BB73F49D-BEEA-416A-B994-3828E7BF43BB}.Release|x86.ActiveCfg = Release|Any CPU
		{BB73F49D-BEEA-416A-B994-3828E7BF43BB}.Release|x86.Build.0 = Release|Any CPU
		{A2985313-E011-4B63-A7C7-BA96AC9CD5FC}.Debug|Any CPU.ActiveCfg = Debug|Any CPU
		{A2985313-E011-4B63-A7C7-BA96AC9CD5FC}.Debug|Any CPU.Build.0 = Debug|Any CPU
		{A2985313-E011-4B63-A7C7-BA96AC9CD5FC}.Debug|x64.ActiveCfg = Debug|Any CPU
		{A2985313-E011-4B63-A7C7-BA96AC9CD5FC}.Debug|x64.Build.0 = Debug|Any CPU
		{A2985313-E011-4B63-A7C7-BA96AC9CD5FC}.Debug|x86.ActiveCfg = Debug|Any CPU
		{A2985313-E011-4B63-A7C7-BA96AC9CD5FC}.Debug|x86.Build.0 = Debug|Any CPU
		{A2985313-E011-4B63-A7C7-BA96AC9CD5FC}.Release|Any CPU.ActiveCfg = Release|Any CPU
		{A2985313-E011-4B63-A7C7-BA96AC9CD5FC}.Release|Any CPU.Build.0 = Release|Any CPU
		{A2985313-E011-4B63-A7C7-BA96AC9CD5FC}.Release|x64.ActiveCfg = Release|Any CPU
		{A2985313-E011-4B63-A7C7-BA96AC9CD5FC}.Release|x64.Build.0 = Release|Any CPU
		{A2985313-E011-4B63-A7C7-BA96AC9CD5FC}.Release|x86.ActiveCfg = Release|Any CPU
		{A2985313-E011-4B63-A7C7-BA96AC9CD5FC}.Release|x86.Build.0 = Release|Any CPU
		{AF59832A-8238-4A9E-9486-88FF346A3ED9}.Debug|Any CPU.ActiveCfg = Debug|Any CPU
		{AF59832A-8238-4A9E-9486-88FF346A3ED9}.Debug|Any CPU.Build.0 = Debug|Any CPU
		{AF59832A-8238-4A9E-9486-88FF346A3ED9}.Debug|x64.ActiveCfg = Debug|Any CPU
		{AF59832A-8238-4A9E-9486-88FF346A3ED9}.Debug|x64.Build.0 = Debug|Any CPU
		{AF59832A-8238-4A9E-9486-88FF346A3ED9}.Debug|x86.ActiveCfg = Debug|Any CPU
		{AF59832A-8238-4A9E-9486-88FF346A3ED9}.Debug|x86.Build.0 = Debug|Any CPU
		{AF59832A-8238-4A9E-9486-88FF346A3ED9}.Release|Any CPU.ActiveCfg = Release|Any CPU
		{AF59832A-8238-4A9E-9486-88FF346A3ED9}.Release|Any CPU.Build.0 = Release|Any CPU
		{AF59832A-8238-4A9E-9486-88FF346A3ED9}.Release|x64.ActiveCfg = Release|Any CPU
		{AF59832A-8238-4A9E-9486-88FF346A3ED9}.Release|x64.Build.0 = Release|Any CPU
		{AF59832A-8238-4A9E-9486-88FF346A3ED9}.Release|x86.ActiveCfg = Release|Any CPU
		{AF59832A-8238-4A9E-9486-88FF346A3ED9}.Release|x86.Build.0 = Release|Any CPU
		{D7E3D6B4-5A3B-4A27-92D2-6F92F1F1B001}.Debug|Any CPU.ActiveCfg = Debug|Any CPU
		{D7E3D6B4-5A3B-4A27-92D2-6F92F1F1B001}.Debug|x64.ActiveCfg = Debug|Any CPU
		{D7E3D6B4-5A3B-4A27-92D2-6F92F1F1B001}.Debug|x86.ActiveCfg = Debug|Any CPU
		{D7E3D6B4-5A3B-4A27-92D2-6F92F1F1B001}.Release|Any CPU.ActiveCfg = Release|Any CPU
		{D7E3D6B4-5A3B-4A27-92D2-6F92F1F1B001}.Release|x64.ActiveCfg = Release|Any CPU
		{D7E3D6B4-5A3B-4A27-92D2-6F92F1F1B001}.Release|x86.ActiveCfg = Release|Any CPU
		{DE547B08-9E95-4552-A7D3-68A18FCE068D}.Debug|Any CPU.ActiveCfg = Debug|Any CPU
		{DE547B08-9E95-4552-A7D3-68A18FCE068D}.Debug|Any CPU.Build.0 = Debug|Any CPU
		{DE547B08-9E95-4552-A7D3-68A18FCE068D}.Debug|x64.ActiveCfg = Debug|Any CPU
		{DE547B08-9E95-4552-A7D3-68A18FCE068D}.Debug|x64.Build.0 = Debug|Any CPU
		{DE547B08-9E95-4552-A7D3-68A18FCE068D}.Debug|x86.ActiveCfg = Debug|Any CPU
		{DE547B08-9E95-4552-A7D3-68A18FCE068D}.Debug|x86.Build.0 = Debug|Any CPU
		{DE547B08-9E95-4552-A7D3-68A18FCE068D}.Release|Any CPU.ActiveCfg = Release|Any CPU
		{DE547B08-9E95-4552-A7D3-68A18FCE068D}.Release|Any CPU.Build.0 = Release|Any CPU
		{DE547B08-9E95-4552-A7D3-68A18FCE068D}.Release|x64.ActiveCfg = Release|Any CPU
		{DE547B08-9E95-4552-A7D3-68A18FCE068D}.Release|x64.Build.0 = Release|Any CPU
		{DE547B08-9E95-4552-A7D3-68A18FCE068D}.Release|x86.ActiveCfg = Release|Any CPU
		{DE547B08-9E95-4552-A7D3-68A18FCE068D}.Release|x86.Build.0 = Release|Any CPU
		{C1CD369B-DC4D-483F-91EA-2B1B559DEF28}.Debug|Any CPU.ActiveCfg = Debug|Any CPU
		{C1CD369B-DC4D-483F-91EA-2B1B559DEF28}.Debug|Any CPU.Build.0 = Debug|Any CPU
		{C1CD369B-DC4D-483F-91EA-2B1B559DEF28}.Debug|x64.ActiveCfg = Debug|Any CPU
		{C1CD369B-DC4D-483F-91EA-2B1B559DEF28}.Debug|x64.Build.0 = Debug|Any CPU
		{C1CD369B-DC4D-483F-91EA-2B1B559DEF28}.Debug|x86.ActiveCfg = Debug|Any CPU
		{C1CD369B-DC4D-483F-91EA-2B1B559DEF28}.Debug|x86.Build.0 = Debug|Any CPU
		{C1CD369B-DC4D-483F-91EA-2B1B559DEF28}.Release|Any CPU.ActiveCfg = Release|Any CPU
		{C1CD369B-DC4D-483F-91EA-2B1B559DEF28}.Release|Any CPU.Build.0 = Release|Any CPU
		{C1CD369B-DC4D-483F-91EA-2B1B559DEF28}.Release|x64.ActiveCfg = Release|Any CPU
		{C1CD369B-DC4D-483F-91EA-2B1B559DEF28}.Release|x64.Build.0 = Release|Any CPU
		{C1CD369B-DC4D-483F-91EA-2B1B559DEF28}.Release|x86.ActiveCfg = Release|Any CPU
		{C1CD369B-DC4D-483F-91EA-2B1B559DEF28}.Release|x86.Build.0 = Release|Any CPU
	EndGlobalSection
	GlobalSection(SolutionProperties) = preSolution
		HideSolutionNode = FALSE
	EndGlobalSection
	GlobalSection(ExtensibilityGlobals) = postSolution
		SolutionGuid = {B3187058-6296-4229-92EA-B6D14BEEE005}
	EndGlobalSection
EndGlobal
